
Microsoft Visual Studio Solution File, Format Version 12.00
# Visual Studio Version 17
VisualStudioVersion = 17.5.002.0
MinimumVisualStudioVersion = 10.0.40219.1
Project("{9A19103F-16F7-4668-BE54-9A1E7A4F7556}") = "AnimeScrapperLibrary", "AnimeScrapperLibrary\AnimeScrapperLibrary.csproj", "{7DB79BA5-E22C-40DD-BCD5-9AB5D8AEE33C}"
EndProject
Global
	GlobalSection(SolutionConfigurationPlatforms) = preSolution
		Debug|Any CPU = Debug|Any CPU
		Release|Any CPU = Release|Any CPU
	EndGlobalSection
	GlobalSection(ProjectConfigurationPlatforms) = postSolution
		{7DB79BA5-E22C-40DD-BCD5-9AB5D8AEE33C}.Debug|Any CPU.ActiveCfg = Debug|Any CPU
		{7DB79BA5-E22C-40DD-BCD5-9AB5D8AEE33C}.Debug|Any CPU.Build.0 = Debug|Any CPU
		{7DB79BA5-E22C-40DD-BCD5-9AB5D8AEE33C}.Release|Any CPU.ActiveCfg = Release|Any CPU
		{7DB79BA5-E22C-40DD-BCD5-9AB5D8AEE33C}.Release|Any CPU.Build.0 = Release|Any CPU
	EndGlobalSection
	GlobalSection(SolutionProperties) = preSolution
		HideSolutionNode = FALSE
	EndGlobalSection
	GlobalSection(ExtensibilityGlobals) = postSolution
		SolutionGuid = {ACDEDAF5-2199-4DC5-B467-55DD90B2768E}
	EndGlobalSection
EndGlobal
